
Microsoft Visual Studio Solution File, Format Version 12.00
# Visual Studio Version 17
VisualStudioVersion = 17.10.35013.160
MinimumVisualStudioVersion = 10.0.40219.1
Project("{FAE04EC0-301F-11D3-BF4B-00C04F79EFBC}") = "lab5", "lab5.csproj", "{329150B6-3D3E-451A-A318-55471955EFEE}"
EndProject
Global
	GlobalSection(SolutionConfigurationPlatforms) = preSolution
		Debug|Any CPU = Debug|Any CPU
		Release|Any CPU = Release|Any CPU
	EndGlobalSection
	GlobalSection(ProjectConfigurationPlatforms) = postSolution
		{329150B6-3D3E-451A-A318-55471955EFEE}.Debug|Any CPU.ActiveCfg = Debug|Any CPU
		{329150B6-3D3E-451A-A318-55471955EFEE}.Debug|Any CPU.Build.0 = Debug|Any CPU
		{329150B6-3D3E-451A-A318-55471955EFEE}.Release|Any CPU.ActiveCfg = Release|Any CPU
		{329150B6-3D3E-451A-A318-55471955EFEE}.Release|Any CPU.Build.0 = Release|Any CPU
	EndGlobalSection
	GlobalSection(SolutionProperties) = preSolution
		HideSolutionNode = FALSE
	EndGlobalSection
	GlobalSection(ExtensibilityGlobals) = postSolution
		SolutionGuid = {E259A4FF-FEED-4A80-94DA-2D655EA61CA7}
	EndGlobalSection
EndGlobal
